
Microsoft Visual Studio Solution File, Format Version 12.00
# Visual Studio Version 17
VisualStudioVersion = 17.9.34622.214
MinimumVisualStudioVersion = 10.0.40219.1
Project("{FAE04EC0-301F-11D3-BF4B-00C04F79EFBC}") = "MinimalBookApi", "MinimalBookApi\MinimalBookApi.csproj", "{2EB46A97-2C52-4DFA-93C4-0A5AFC891060}"
EndProject
Global
	GlobalSection(SolutionConfigurationPlatforms) = preSolution
		Debug|Any CPU = Debug|Any CPU
		Release|Any CPU = Release|Any CPU
	EndGlobalSection
	GlobalSection(ProjectConfigurationPlatforms) = postSolution
		{2EB46A97-2C52-4DFA-93C4-0A5AFC891060}.Debug|Any CPU.ActiveCfg = Debug|Any CPU
		{2EB46A97-2C52-4DFA-93C4-0A5AFC891060}.Debug|Any CPU.Build.0 = Debug|Any CPU
		{2EB46A97-2C52-4DFA-93C4-0A5AFC891060}.Release|Any CPU.ActiveCfg = Release|Any CPU
		{2EB46A97-2C52-4DFA-93C4-0A5AFC891060}.Release|Any CPU.Build.0 = Release|Any CPU
	EndGlobalSection
	GlobalSection(SolutionProperties) = preSolution
		HideSolutionNode = FALSE
	EndGlobalSection
	GlobalSection(ExtensibilityGlobals) = postSolution
		SolutionGuid = {6972F5C8-03E4-44C1-A3E7-E19F2FA84966}
	EndGlobalSection
EndGlobal
